
Microsoft Visual Studio Solution File, Format Version 12.00
# Visual Studio Version 17
VisualStudioVersion = 17.4.33110.190
MinimumVisualStudioVersion = 10.0.40219.1
Project("{FAE04EC0-301F-11D3-BF4B-00C04F79EFBC}") = "DevReviews_API", "DevReviews_API\DevReviews_API.csproj", "{2626156A-77B2-4D4D-83BA-7479E018744A}"
EndProject
Global
	GlobalSection(SolutionConfigurationPlatforms) = preSolution
		Debug|Any CPU = Debug|Any CPU
		Release|Any CPU = Release|Any CPU
	EndGlobalSection
	GlobalSection(ProjectConfigurationPlatforms) = postSolution
		{2626156A-77B2-4D4D-83BA-7479E018744A}.Debug|Any CPU.ActiveCfg = Debug|Any CPU
		{2626156A-77B2-4D4D-83BA-7479E018744A}.Debug|Any CPU.Build.0 = Debug|Any CPU
		{2626156A-77B2-4D4D-83BA-7479E018744A}.Release|Any CPU.ActiveCfg = Release|Any CPU
		{2626156A-77B2-4D4D-83BA-7479E018744A}.Release|Any CPU.Build.0 = Release|Any CPU
	EndGlobalSection
	GlobalSection(SolutionProperties) = preSolution
		HideSolutionNode = FALSE
	EndGlobalSection
	GlobalSection(ExtensibilityGlobals) = postSolution
		SolutionGuid = {301BB2BA-3F23-46AF-9AA6-79F079510807}
	EndGlobalSection
EndGlobal
